// !$*UTF8*$!
{
	archiveVersion = 1;
	classes = {
	};
	objectVersion = 56;
	objects = {

/* Begin PBXBuildFile section */
		92BEEC962B65259C00F59DFE /* Day_16_WeSplitApp.swift in Sources */ = {isa = PBXBuildFile; fileRef = 92BEEC952B65259C00F59DFE /* Day_16_WeSplitApp.swift */; };
		92BEEC982B65259C00F59DFE /* ContentView.swift in Sources */ = {isa = PBXBuildFile; fileRef = 92BEEC972B65259C00F59DFE /* ContentView.swift */; };
		92BEEC9A2B65259D00F59DFE /* Assets.xcassets in Resources */ = {isa = PBXBuildFile; fileRef = 92BEEC992B65259D00F59DFE /* Assets.xcassets */; };
		92BEEC9D2B65259D00F59DFE /* Preview Assets.xcassets in Resources */ = {isa = PBXBuildFile; fileRef = 92BEEC9C2B65259D00F59DFE /* Preview Assets.xcassets */; };
		92BEECA72B65259D00F59DFE /* Day_16_WeSplitTests.swift in Sources */ = {isa = PBXBuildFile; fileRef = 92BEECA62B65259D00F59DFE /* Day_16_WeSplitTests.swift */; };
		92BEECB12B65259D00F59DFE /* Day_16_WeSplitUITests.swift in Sources */ = {isa = PBXBuildFile; fileRef = 92BEECB02B65259D00F59DFE /* Day_16_WeSplitUITests.swift */; };
		92BEECB32B65259D00F59DFE /* Day_16_WeSplitUITestsLaunchTests.swift in Sources */ = {isa = PBXBuildFile; fileRef = 92BEECB22B65259D00F59DFE /* Day_16_WeSplitUITestsLaunchTests.swift */; };
/* End PBXBuildFile section */

/* Begin PBXContainerItemProxy section */
		92BEECA32B65259D00F59DFE /* PBXContainerItemProxy */ = {
			isa = PBXContainerItemProxy;
			containerPortal = 92BEEC8A2B65259B00F59DFE /* Project object */;
			proxyType = 1;
			remoteGlobalIDString = 92BEEC912B65259C00F59DFE;
			remoteInfo = "Day 16 WeSplit";
		};
		92BEECAD2B65259D00F59DFE /* PBXContainerItemProxy */ = {
			isa = PBXContainerItemProxy;
			containerPortal = 92BEEC8A2B65259B00F59DFE /* Project object */;
			proxyType = 1;
			remoteGlobalIDString = 92BEEC912B65259C00F59DFE;
			remoteInfo = "Day 16 WeSplit";
		};
/* End PBXContainerItemProxy section */

/* Begin PBXFileReference section */
		92BEEC922B65259C00F59DFE /* Day 16 WeSplit.app */ = {isa = PBXFileReference; explicitFileType = wrapper.application; includeInIndex = 0; path = "Day 16 WeSplit.app"; sourceTree = BUILT_PRODUCTS_DIR; };
		92BEEC952B65259C00F59DFE /* Day_16_WeSplitApp.swift */ = {isa = PBXFileReference; lastKnownFileType = sourcecode.swift; path = Day_16_WeSplitApp.swift; sourceTree = "<group>"; };
		92BEEC972B65259C00F59DFE /* ContentView.swift */ = {isa = PBXFileReference; lastKnownFileType = sourcecode.swift; path = ContentView.swift; sourceTree = "<group>"; };
		92BEEC992B65259D00F59DFE /* Assets.xcassets */ = {isa = PBXFileReference; lastKnownFileType = folder.assetcatalog; path = Assets.xcassets; sourceTree = "<group>"; };
		92BEEC9C2B65259D00F59DFE /* Preview Assets.xcassets */ = {isa = PBXFileReference; lastKnownFileType = folder.assetcatalog; path = "Preview Assets.xcassets"; sourceTree = "<group>"; };
		92BEECA22B65259D00F59DFE /* Day 16 WeSplitTests.xctest */ = {isa = PBXFileReference; explicitFileType = wrapper.cfbundle; includeInIndex = 0; path = "Day 16 WeSplitTests.xctest"; sourceTree = BUILT_PRODUCTS_DIR; };
		92BEECA62B65259D00F59DFE /* Day_16_WeSplitTests.swift */ = {isa = PBXFileReference; lastKnownFileType = sourcecode.swift; path = Day_16_WeSplitTests.swift; sourceTree = "<group>"; };
		92BEECAC2B65259D00F59DFE /* Day 16 WeSplitUITests.xctest */ = {isa = PBXFileReference; explicitFileType = wrapper.cfbundle; includeInIndex = 0; path = "Day 16 WeSplitUITests.xctest"; sourceTree = BUILT_PRODUCTS_DIR; };
		92BEECB02B65259D00F59DFE /* Day_16_WeSplitUITests.swift */ = {isa = PBXFileReference; lastKnownFileType = sourcecode.swift; path = Day_16_WeSplitUITests.swift; sourceTree = "<group>"; };
		92BEECB22B65259D00F59DFE /* Day_16_WeSplitUITestsLaunchTests.swift */ = {isa = PBXFileReference; lastKnownFileType = sourcecode.swift; path = Day_16_WeSplitUITestsLaunchTests.swift; sourceTree = "<group>"; };
/* End PBXFileReference section */

/* Begin PBXFrameworksBuildPhase section */
		92BEEC8F2B65259C00F59DFE /* Frameworks */ = {
			isa = PBXFrameworksBuildPhase;
			buildActionMask = 2147483647;
			files = (
			);
			runOnlyForDeploymentPostprocessing = 0;
		};
		92BEEC9F2B65259D00F59DFE /* Frameworks */ = {
			isa = PBXFrameworksBuildPhase;
			buildActionMask = 2147483647;
			files = (
			);
			runOnlyForDeploymentPostprocessing = 0;
		};
		92BEECA92B65259D00F59DFE /* Frameworks */ = {
			isa = PBXFrameworksBuildPhase;
			buildActionMask = 2147483647;
			files = (
			);
			runOnlyForDeploymentPostprocessing = 0;
		};
/* End PBXFrameworksBuildPhase section */

/* Begin PBXGroup section */
		92BEEC892B65259B00F59DFE = {
			isa = PBXGroup;
			children = (
				92BEEC942B65259C00F59DFE /* Day 16 WeSplit */,
				92BEECA52B65259D00F59DFE /* Day 16 WeSplitTests */,
				92BEECAF2B65259D00F59DFE /* Day 16 WeSplitUITests */,
				92BEEC932B65259C00F59DFE /* Products */,
			);
			sourceTree = "<group>";
		};
		92BEEC932B65259C00F59DFE /* Products */ = {
			isa = PBXGroup;
			children = (
				92BEEC922B65259C00F59DFE /* Day 16 WeSplit.app */,
				92BEECA22B65259D00F59DFE /* Day 16 WeSplitTests.xctest */,
				92BEECAC2B65259D00F59DFE /* Day 16 WeSplitUITests.xctest */,
			);
			name = Products;
			sourceTree = "<group>";
		};
		92BEEC942B65259C00F59DFE /* Day 16 WeSplit */ = {
			isa = PBXGroup;
			children = (
				92BEEC952B65259C00F59DFE /* Day_16_WeSplitApp.swift */,
				92BEEC972B65259C00F59DFE /* ContentView.swift */,
				92BEEC992B65259D00F59DFE /* Assets.xcassets */,
				92BEEC9B2B65259D00F59DFE /* Preview Content */,
			);
			path = "Day 16 WeSplit";
			sourceTree = "<group>";
		};
		92BEEC9B2B65259D00F59DFE /* Preview Content */ = {
			isa = PBXGroup;
			children = (
				92BEEC9C2B65259D00F59DFE /* Preview Assets.xcassets */,
			);
			path = "Preview Content";
			sourceTree = "<group>";
		};
		92BEECA52B65259D00F59DFE /* Day 16 WeSplitTests */ = {
			isa = PBXGroup;
			children = (
				92BEECA62B65259D00F59DFE /* Day_16_WeSplitTests.swift */,
			);
			path = "Day 16 WeSplitTests";
			sourceTree = "<group>";
		};
		92BEECAF2B65259D00F59DFE /* Day 16 WeSplitUITests */ = {
			isa = PBXGroup;
			children = (
				92BEECB02B65259D00F59DFE /* Day_16_WeSplitUITests.swift */,
				92BEECB22B65259D00F59DFE /* Day_16_WeSplitUITestsLaunchTests.swift */,
			);
			path = "Day 16 WeSplitUITests";
			sourceTree = "<group>";
		};
/* End PBXGroup section */

/* Begin PBXNativeTarget section */
		92BEEC912B65259C00F59DFE /* Day 16 WeSplit */ = {
			isa = PBXNativeTarget;
			buildConfigurationList = 92BEECB62B65259D00F59DFE /* Build configuration list for PBXNativeTarget "Day 16 WeSplit" */;
			buildPhases = (
				92BEEC8E2B65259C00F59DFE /* Sources */,
				92BEEC8F2B65259C00F59DFE /* Frameworks */,
				92BEEC902B65259C00F59DFE /* Resources */,
			);
			buildRules = (
			);
			dependencies = (
			);
			name = "Day 16 WeSplit";
			productName = "Day 16 WeSplit";
			productReference = 92BEEC922B65259C00F59DFE /* Day 16 WeSplit.app */;
			productType = "com.apple.product-type.application";
		};
		92BEECA12B65259D00F59DFE /* Day 16 WeSplitTests */ = {
			isa = PBXNativeTarget;
			buildConfigurationList = 92BEECB92B65259D00F59DFE /* Build configuration list for PBXNativeTarget "Day 16 WeSplitTests" */;
			buildPhases = (
				92BEEC9E2B65259D00F59DFE /* Sources */,
				92BEEC9F2B65259D00F59DFE /* Frameworks */,
				92BEECA02B65259D00F59DFE /* Resources */,
			);
			buildRules = (
			);
			dependencies = (
				92BEECA42B65259D00F59DFE /* PBXTargetDependency */,
			);
			name = "Day 16 WeSplitTests";
			productName = "Day 16 WeSplitTests";
			productReference = 92BEECA22B65259D00F59DFE /* Day 16 WeSplitTests.xctest */;
			productType = "com.apple.product-type.bundle.unit-test";
		};
		92BEECAB2B65259D00F59DFE /* Day 16 WeSplitUITests */ = {
			isa = PBXNativeTarget;
			buildConfigurationList = 92BEECBC2B65259D00F59DFE /* Build configuration list for PBXNativeTarget "Day 16 WeSplitUITests" */;
			buildPhases = (
				92BEECA82B65259D00F59DFE /* Sources */,
				92BEECA92B65259D00F59DFE /* Frameworks */,
				92BEECAA2B65259D00F59DFE /* Resources */,
			);
			buildRules = (
			);
			dependencies = (
				92BEECAE2B65259D00F59DFE /* PBXTargetDependency */,
			);
			name = "Day 16 WeSplitUITests";
			productName = "Day 16 WeSplitUITests";
			productReference = 92BEECAC2B65259D00F59DFE /* Day 16 WeSplitUITests.xctest */;
			productType = "com.apple.product-type.bundle.ui-testing";
		};
/* End PBXNativeTarget section */

/* Begin PBXProject section */
		92BEEC8A2B65259B00F59DFE /* Project object */ = {
			isa = PBXProject;
			attributes = {
				BuildIndependentTargetsInParallel = 1;
				LastSwiftUpdateCheck = 1500;
				LastUpgradeCheck = 1500;
				TargetAttributes = {
					92BEEC912B65259C00F59DFE = {
						CreatedOnToolsVersion = 15.0;
					};
					92BEECA12B65259D00F59DFE = {
						CreatedOnToolsVersion = 15.0;
						TestTargetID = 92BEEC912B65259C00F59DFE;
					};
					92BEECAB2B65259D00F59DFE = {
						CreatedOnToolsVersion = 15.0;
						TestTargetID = 92BEEC912B65259C00F59DFE;
					};
				};
			};
			buildConfigurationList = 92BEEC8D2B65259B00F59DFE /* Build configuration list for PBXProject "Day 16 WeSplit" */;
			compatibilityVersion = "Xcode 14.0";
			developmentRegion = en;
			hasScannedForEncodings = 0;
			knownRegions = (
				en,
				Base,
			);
			mainGroup = 92BEEC892B65259B00F59DFE;
			productRefGroup = 92BEEC932B65259C00F59DFE /* Products */;
			projectDirPath = "";
			projectRoot = "";
			targets = (
				92BEEC912B65259C00F59DFE /* Day 16 WeSplit */,
				92BEECA12B65259D00F59DFE /* Day 16 WeSplitTests */,
				92BEECAB2B65259D00F59DFE /* Day 16 WeSplitUITests */,
			);
		};
/* End PBXProject section */

/* Begin PBXResourcesBuildPhase section */
		92BEEC902B65259C00F59DFE /* Resources */ = {
			isa = PBXResourcesBuildPhase;
			buildActionMask = 2147483647;
			files = (
				92BEEC9D2B65259D00F59DFE /* Preview Assets.xcassets in Resources */,
				92BEEC9A2B65259D00F59DFE /* Assets.xcassets in Resources */,
			);
			runOnlyForDeploymentPostprocessing = 0;
		};
		92BEECA02B65259D00F59DFE /* Resources */ = {
			isa = PBXResourcesBuildPhase;
			buildActionMask = 2147483647;
			files = (
			);
			runOnlyForDeploymentPostprocessing = 0;
		};
		92BEECAA2B65259D00F59DFE /* Resources */ = {
			isa = PBXResourcesBuildPhase;
			buildActionMask = 2147483647;
			files = (
			);
			runOnlyForDeploymentPostprocessing = 0;
		};
/* End PBXResourcesBuildPhase section */

/* Begin PBXSourcesBuildPhase section */
		92BEEC8E2B65259C00F59DFE /* Sources */ = {
			isa = PBXSourcesBuildPhase;
			buildActionMask = 2147483647;
			files = (
				92BEEC982B65259C00F59DFE /* ContentView.swift in Sources */,
				92BEEC962B65259C00F59DFE /* Day_16_WeSplitApp.swift in Sources */,
			);
			runOnlyForDeploymentPostprocessing = 0;
		};
		92BEEC9E2B65259D00F59DFE /* Sources */ = {
			isa = PBXSourcesBuildPhase;
			buildActionMask = 2147483647;
			files = (
				92BEECA72B65259D00F59DFE /* Day_16_WeSplitTests.swift in Sources */,
			);
			runOnlyForDeploymentPostprocessing = 0;
		};
		92BEECA82B65259D00F59DFE /* Sources */ = {
			isa = PBXSourcesBuildPhase;
			buildActionMask = 2147483647;
			files = (
				92BEECB12B65259D00F59DFE /* Day_16_WeSplitUITests.swift in Sources */,
				92BEECB32B65259D00F59DFE /* Day_16_WeSplitUITestsLaunchTests.swift in Sources */,
			);
			runOnlyForDeploymentPostprocessing = 0;
		};
/* End PBXSourcesBuildPhase section */

/* Begin PBXTargetDependency section */
		92BEECA42B65259D00F59DFE /* PBXTargetDependency */ = {
			isa = PBXTargetDependency;
			target = 92BEEC912B65259C00F59DFE /* Day 16 WeSplit */;
			targetProxy = 92BEECA32B65259D00F59DFE /* PBXContainerItemProxy */;
		};
		92BEECAE2B65259D00F59DFE /* PBXTargetDependency */ = {
			isa = PBXTargetDependency;
			target = 92BEEC912B65259C00F59DFE /* Day 16 WeSplit */;
			targetProxy = 92BEECAD2B65259D00F59DFE /* PBXContainerItemProxy */;
		};
/* End PBXTargetDependency section */

/* Begin XCBuildConfiguration section */
		92BEECB42B65259D00F59DFE /* Debug */ = {
			isa = XCBuildConfiguration;
			buildSettings = {
				ALWAYS_SEARCH_USER_PATHS = NO;
				ASSETCATALOG_COMPILER_GENERATE_SWIFT_ASSET_SYMBOL_EXTENSIONS = YES;
				CLANG_ANALYZER_NONNULL = YES;
				CLANG_ANALYZER_NUMBER_OBJECT_CONVERSION = YES_AGGRESSIVE;
				CLANG_CXX_LANGUAGE_STANDARD = "gnu++20";
				CLANG_ENABLE_MODULES = YES;
				CLANG_ENABLE_OBJC_ARC = YES;
				CLANG_ENABLE_OBJC_WEAK = YES;
				CLANG_WARN_BLOCK_CAPTURE_AUTORELEASING = YES;
				CLANG_WARN_BOOL_CONVERSION = YES;
				CLANG_WARN_COMMA = YES;
				CLANG_WARN_CONSTANT_CONVERSION = YES;
				CLANG_WARN_DEPRECATED_OBJC_IMPLEMENTATIONS = YES;
				CLANG_WARN_DIRECT_OBJC_ISA_USAGE = YES_ERROR;
				CLANG_WARN_DOCUMENTATION_COMMENTS = YES;
				CLANG_WARN_EMPTY_BODY = YES;
				CLANG_WARN_ENUM_CONVERSION = YES;
				CLANG_WARN_INFINITE_RECURSION = YES;
				CLANG_WARN_INT_CONVERSION = YES;
				CLANG_WARN_NON_LITERAL_NULL_CONVERSION = YES;
				CLANG_WARN_OBJC_IMPLICIT_RETAIN_SELF = YES;
				CLANG_WARN_OBJC_LITERAL_CONVERSION = YES;
				CLANG_WARN_OBJC_ROOT_CLASS = YES_ERROR;
				CLANG_WARN_QUOTED_INCLUDE_IN_FRAMEWORK_HEADER = YES;
				CLANG_WARN_RANGE_LOOP_ANALYSIS = YES;
				CLANG_WARN_STRICT_PROTOTYPES = YES;
				CLANG_WARN_SUSPICIOUS_MOVE = YES;
				CLANG_WARN_UNGUARDED_AVAILABILITY = YES_AGGRESSIVE;
				CLANG_WARN_UNREACHABLE_CODE = YES;
				CLANG_WARN__DUPLICATE_METHOD_MATCH = YES;
				COPY_PHASE_STRIP = NO;
				DEBUG_INFORMATION_FORMAT = dwarf;
				ENABLE_STRICT_OBJC_MSGSEND = YES;
				ENABLE_TESTABILITY = YES;
				ENABLE_USER_SCRIPT_SANDBOXING = YES;
				GCC_C_LANGUAGE_STANDARD = gnu17;
				GCC_DYNAMIC_NO_PIC = NO;
				GCC_NO_COMMON_BLOCKS = YES;
				GCC_OPTIMIZATION_LEVEL = 0;
				GCC_PREPROCESSOR_DEFINITIONS = (
					"DEBUG=1",
					"$(inherited)",
				);
				GCC_WARN_64_TO_32_BIT_CONVERSION = YES;
				GCC_WARN_ABOUT_RETURN_TYPE = YES_ERROR;
				GCC_WARN_UNDECLARED_SELECTOR = YES;
				GCC_WARN_UNINITIALIZED_AUTOS = YES_AGGRESSIVE;
				GCC_WARN_UNUSED_FUNCTION = YES;
				GCC_WARN_UNUSED_VARIABLE = YES;
				IPHONEOS_DEPLOYMENT_TARGET = 17.0;
				LOCALIZATION_PREFERS_STRING_CATALOGS = YES;
				MTL_ENABLE_DEBUG_INFO = INCLUDE_SOURCE;
				MTL_FAST_MATH = YES;
				ONLY_ACTIVE_ARCH = YES;
				SDKROOT = iphoneos;
				SWIFT_ACTIVE_COMPILATION_CONDITIONS = "DEBUG $(inherited)";
				SWIFT_OPTIMIZATION_LEVEL = "-Onone";
			};
			name = Debug;
		};
		92BEECB52B65259D00F59DFE /* Release */ = {
			isa = XCBuildConfiguration;
			buildSettings = {
				ALWAYS_SEARCH_USER_PATHS = NO;
				ASSETCATALOG_COMPILER_GENERATE_SWIFT_ASSET_SYMBOL_EXTENSIONS = YES;
				CLANG_ANALYZER_NONNULL = YES;
				CLANG_ANALYZER_NUMBER_OBJECT_CONVERSION = YES_AGGRESSIVE;
				CLANG_CXX_LANGUAGE_STANDARD = "gnu++20";
				CLANG_ENABLE_MODULES = YES;
				CLANG_ENABLE_OBJC_ARC = YES;
				CLANG_ENABLE_OBJC_WEAK = YES;
				CLANG_WARN_BLOCK_CAPTURE_AUTORELEASING = YES;
				CLANG_WARN_BOOL_CONVERSION = YES;
				CLANG_WARN_COMMA = YES;
				CLANG_WARN_CONSTANT_CONVERSION = YES;
				CLANG_WARN_DEPRECATED_OBJC_IMPLEMENTATIONS = YES;
				CLANG_WARN_DIRECT_OBJC_ISA_USAGE = YES_ERROR;
				CLANG_WARN_DOCUMENTATION_COMMENTS = YES;
				CLANG_WARN_EMPTY_BODY = YES;
				CLANG_WARN_ENUM_CONVERSION = YES;
				CLANG_WARN_INFINITE_RECURSION = YES;
				CLANG_WARN_INT_CONVERSION = YES;
				CLANG_WARN_NON_LITERAL_NULL_CONVERSION = YES;
				CLANG_WARN_OBJC_IMPLICIT_RETAIN_SELF = YES;
				CLANG_WARN_OBJC_LITERAL_CONVERSION = YES;
				CLANG_WARN_OBJC_ROOT_CLASS = YES_ERROR;
				CLANG_WARN_QUOTED_INCLUDE_IN_FRAMEWORK_HEADER = YES;
				CLANG_WARN_RANGE_LOOP_ANALYSIS = YES;
				CLANG_WARN_STRICT_PROTOTYPES = YES;
				CLANG_WARN_SUSPICIOUS_MOVE = YES;
				CLANG_WARN_UNGUARDED_AVAILABILITY = YES_AGGRESSIVE;
				CLANG_WARN_UNREACHABLE_CODE = YES;
				CLANG_WARN__DUPLICATE_METHOD_MATCH = YES;
				COPY_PHASE_STRIP = NO;
				DEBUG_INFORMATION_FORMAT = "dwarf-with-dsym";
				ENABLE_NS_ASSERTIONS = NO;
				ENABLE_STRICT_OBJC_MSGSEND = YES;
				ENABLE_USER_SCRIPT_SANDBOXING = YES;
				GCC_C_LANGUAGE_STANDARD = gnu17;
				GCC_NO_COMMON_BLOCKS = YES;
				GCC_WARN_64_TO_32_BIT_CONVERSION = YES;
				GCC_WARN_ABOUT_RETURN_TYPE = YES_ERROR;
				GCC_WARN_UNDECLARED_SELECTOR = YES;
				GCC_WARN_UNINITIALIZED_AUTOS = YES_AGGRESSIVE;
				GCC_WARN_UNUSED_FUNCTION = YES;
				GCC_WARN_UNUSED_VARIABLE = YES;
				IPHONEOS_DEPLOYMENT_TARGET = 17.0;
				LOCALIZATION_PREFERS_STRING_CATALOGS = YES;
				MTL_ENABLE_DEBUG_INFO = NO;
				MTL_FAST_MATH = YES;
				SDKROOT = iphoneos;
				SWIFT_COMPILATION_MODE = wholemodule;
				VALIDATE_PRODUCT = YES;
			};
			name = Release;
		};
		92BEECB72B65259D00F59DFE /* Debug */ = {
			isa = XCBuildConfiguration;
			buildSettings = {
				ASSETCATALOG_COMPILER_APPICON_NAME = AppIcon;
				ASSETCATALOG_COMPILER_GLOBAL_ACCENT_COLOR_NAME = AccentColor;
				CODE_SIGN_STYLE = Automatic;
				CURRENT_PROJECT_VERSION = 1;
				DEVELOPMENT_ASSET_PATHS = "\"Day 16 WeSplit/Preview Content\"";
				ENABLE_PREVIEWS = YES;
				GENERATE_INFOPLIST_FILE = YES;
				INFOPLIST_KEY_UIApplicationSceneManifest_Generation = YES;
				INFOPLIST_KEY_UIApplicationSupportsIndirectInputEvents = YES;
				INFOPLIST_KEY_UILaunchScreen_Generation = YES;
				INFOPLIST_KEY_UISupportedInterfaceOrientations_iPad = "UIInterfaceOrientationPortrait UIInterfaceOrientationPortraitUpsideDown UIInterfaceOrientationLandscapeLeft UIInterfaceOrientationLandscapeRight";
				INFOPLIST_KEY_UISupportedInterfaceOrientations_iPhone = "UIInterfaceOrientationPortrait UIInterfaceOrientationLandscapeLeft UIInterfaceOrientationLandscapeRight";
				LD_RUNPATH_SEARCH_PATHS = (
					"$(inherited)",
					"@executable_path/Frameworks",
				);
				MARKETING_VERSION = 1.0;
				PRODUCT_BUNDLE_IDENTIFIER = "meteturan.Day-16-WeSplit";
				PRODUCT_NAME = "$(TARGET_NAME)";
				SWIFT_EMIT_LOC_STRINGS = YES;
				SWIFT_VERSION = 5.0;
				TARGETED_DEVICE_FAMILY = "1,2";
			};
			name = Debug;
		};
		92BEECB82B65259D00F59DFE /* Release */ = {
			isa = XCBuildConfiguration;
			buildSettings = {
				ASSETCATALOG_COMPILER_APPICON_NAME = AppIcon;
				ASSETCATALOG_COMPILER_GLOBAL_ACCENT_COLOR_NAME = AccentColor;
				CODE_SIGN_STYLE = Automatic;
				CURRENT_PROJECT_VERSION = 1;
				DEVELOPMENT_ASSET_PATHS = "\"Day 16 WeSplit/Preview Content\"";
				ENABLE_PREVIEWS = YES;
				GENERATE_INFOPLIST_FILE = YES;
				INFOPLIST_KEY_UIApplicationSceneManifest_Generation = YES;
				INFOPLIST_KEY_UIApplicationSupportsIndirectInputEvents = YES;
				INFOPLIST_KEY_UILaunchScreen_Generation = YES;
				INFOPLIST_KEY_UISupportedInterfaceOrientations_iPad = "UIInterfaceOrientationPortrait UIInterfaceOrientationPortraitUpsideDown UIInterfaceOrientationLandscapeLeft UIInterfaceOrientationLandscapeRight";
				INFOPLIST_KEY_UISupportedInterfaceOrientations_iPhone = "UIInterfaceOrientationPortrait UIInterfaceOrientationLandscapeLeft UIInterfaceOrientationLandscapeRight";
				LD_RUNPATH_SEARCH_PATHS = (
					"$(inherited)",
					"@executable_path/Frameworks",
				);
				MARKETING_VERSION = 1.0;
				PRODUCT_BUNDLE_IDENTIFIER = "meteturan.Day-16-WeSplit";
				PRODUCT_NAME = "$(TARGET_NAME)";
				SWIFT_EMIT_LOC_STRINGS = YES;
				SWIFT_VERSION = 5.0;
				TARGETED_DEVICE_FAMILY = "1,2";
			};
			name = Release;
		};
		92BEECBA2B65259D00F59DFE /* Debug */ = {
			isa = XCBuildConfiguration;
			buildSettings = {
				ALWAYS_EMBED_SWIFT_STANDARD_LIBRARIES = YES;
				BUNDLE_LOADER = "$(TEST_HOST)";
				CODE_SIGN_STYLE = Automatic;
				CURRENT_PROJECT_VERSION = 1;
				GENERATE_INFOPLIST_FILE = YES;
				IPHONEOS_DEPLOYMENT_TARGET = 17.0;
				MARKETING_VERSION = 1.0;
				PRODUCT_BUNDLE_IDENTIFIER = "meteturan.Day-16-WeSplitTests";
				PRODUCT_NAME = "$(TARGET_NAME)";
				SWIFT_EMIT_LOC_STRINGS = NO;
				SWIFT_VERSION = 5.0;
				TARGETED_DEVICE_FAMILY = "1,2";
				TEST_HOST = "$(BUILT_PRODUCTS_DIR)/Day 16 WeSplit.app/$(BUNDLE_EXECUTABLE_FOLDER_PATH)/Day 16 WeSplit";
			};
			name = Debug;
		};
		92BEECBB2B65259D00F59DFE /* Release */ = {
			isa = XCBuildConfiguration;
			buildSettings = {
				ALWAYS_EMBED_SWIFT_STANDARD_LIBRARIES = YES;
				BUNDLE_LOADER = "$(TEST_HOST)";
				CODE_SIGN_STYLE = Automatic;
				CURRENT_PROJECT_VERSION = 1;
				GENERATE_INFOPLIST_FILE = YES;
				IPHONEOS_DEPLOYMENT_TARGET = 17.0;
				MARKETING_VERSION = 1.0;
				PRODUCT_BUNDLE_IDENTIFIER = "meteturan.Day-16-WeSplitTests";
				PRODUCT_NAME = "$(TARGET_NAME)";
				SWIFT_EMIT_LOC_STRINGS = NO;
				SWIFT_VERSION = 5.0;
				TARGETED_DEVICE_FAMILY = "1,2";
				TEST_HOST = "$(BUILT_PRODUCTS_DIR)/Day 16 WeSplit.app/$(BUNDLE_EXECUTABLE_FOLDER_PATH)/Day 16 WeSplit";
			};
			name = Release;
		};
		92BEECBD2B65259D00F59DFE /* Debug */ = {
			isa = XCBuildConfiguration;
			buildSettings = {
				ALWAYS_EMBED_SWIFT_STANDARD_LIBRARIES = YES;
				CODE_SIGN_STYLE = Automatic;
				CURRENT_PROJECT_VERSION = 1;
				GENERATE_INFOPLIST_FILE = YES;
				MARKETING_VERSION = 1.0;
				PRODUCT_BUNDLE_IDENTIFIER = "meteturan.Day-16-WeSplitUITests";
				PRODUCT_NAME = "$(TARGET_NAME)";
				SWIFT_EMIT_LOC_STRINGS = NO;
				SWIFT_VERSION = 5.0;
				TARGETED_DEVICE_FAMILY = "1,2";
				TEST_TARGET_NAME = "Day 16 WeSplit";
			};
			name = Debug;
		};
		92BEECBE2B65259D00F59DFE /* Release */ = {
			isa = XCBuildConfiguration;
			buildSettings = {
				ALWAYS_EMBED_SWIFT_STANDARD_LIBRARIES = YES;
				CODE_SIGN_STYLE = Automatic;
				CURRENT_PROJECT_VERSION = 1;
				GENERATE_INFOPLIST_FILE = YES;
				MARKETING_VERSION = 1.0;
				PRODUCT_BUNDLE_IDENTIFIER = "meteturan.Day-16-WeSplitUITests";
				PRODUCT_NAME = "$(TARGET_NAME)";
				SWIFT_EMIT_LOC_STRINGS = NO;
				SWIFT_VERSION = 5.0;
				TARGETED_DEVICE_FAMILY = "1,2";
				TEST_TARGET_NAME = "Day 16 WeSplit";
			};
			name = Release;
		};
/* End XCBuildConfiguration section */

/* Begin XCConfigurationList section */
		92BEEC8D2B65259B00F59DFE /* Build configuration list for PBXProject "Day 16 WeSplit" */ = {
			isa = XCConfigurationList;
			buildConfigurations = (
				92BEECB42B65259D00F59DFE /* Debug */,
				92BEECB52B65259D00F59DFE /* Release */,
			);
			defaultConfigurationIsVisible = 0;
			defaultConfigurationName = Release;
		};
		92BEECB62B65259D00F59DFE /* Build configuration list for PBXNativeTarget "Day 16 WeSplit" */ = {
			isa = XCConfigurationList;
			buildConfigurations = (
				92BEECB72B65259D00F59DFE /* Debug */,
				92BEECB82B65259D00F59DFE /* Release */,
			);
			defaultConfigurationIsVisible = 0;
			defaultConfigurationName = Release;
		};
		92BEECB92B65259D00F59DFE /* Build configuration list for PBXNativeTarget "Day 16 WeSplitTests" */ = {
			isa = XCConfigurationList;
			buildConfigurations = (
				92BEECBA2B65259D00F59DFE /* Debug */,
				92BEECBB2B65259D00F59DFE /* Release */,
			);
			defaultConfigurationIsVisible = 0;
			defaultConfigurationName = Release;
		};
		92BEECBC2B65259D00F59DFE /* Build configuration list for PBXNativeTarget "Day 16 WeSplitUITests" */ = {
			isa = XCConfigurationList;
			buildConfigurations = (
				92BEECBD2B65259D00F59DFE /* Debug */,
				92BEECBE2B65259D00F59DFE /* Release */,
			);
			defaultConfigurationIsVisible = 0;
			defaultConfigurationName = Release;
		};
/* End XCConfigurationList section */
	};
	rootObject = 92BEEC8A2B65259B00F59DFE /* Project object */;
}
